
Microsoft Visual Studio Solution File, Format Version 12.00
# Visual Studio Version 17
VisualStudioVersion = 17.9.34622.214
MinimumVisualStudioVersion = 10.0.40219.1
Project("{9A19103F-16F7-4668-BE54-9A1E7A4F7556}") = "Ovning2", "Ovning2\Ovning2.csproj", "{8DBA1B95-7994-41DE-8786-6ADFBA7CA1DA}"
EndProject
Project("{FAE04EC0-301F-11D3-BF4B-00C04F79EFBC}") = "Ovning2.MenuHelpers", "Ovning2.MenuHelpers\Ovning2.MenuHelpers.csproj", "{B56AB8CE-C885-4295-A1B8-FD12D6197D7C}"
EndProject
Global
	GlobalSection(SolutionConfigurationPlatforms) = preSolution
		Debug|Any CPU = Debug|Any CPU
		Release|Any CPU = Release|Any CPU
	EndGlobalSection
	GlobalSection(ProjectConfigurationPlatforms) = postSolution
		{8DBA1B95-7994-41DE-8786-6ADFBA7CA1DA}.Debug|Any CPU.ActiveCfg = Debug|Any CPU
		{8DBA1B95-7994-41DE-8786-6ADFBA7CA1DA}.Debug|Any CPU.Build.0 = Debug|Any CPU
		{8DBA1B95-7994-41DE-8786-6ADFBA7CA1DA}.Release|Any CPU.ActiveCfg = Release|Any CPU
		{8DBA1B95-7994-41DE-8786-6ADFBA7CA1DA}.Release|Any CPU.Build.0 = Release|Any CPU
		{B56AB8CE-C885-4295-A1B8-FD12D6197D7C}.Debug|Any CPU.ActiveCfg = Debug|Any CPU
		{B56AB8CE-C885-4295-A1B8-FD12D6197D7C}.Debug|Any CPU.Build.0 = Debug|Any CPU
		{B56AB8CE-C885-4295-A1B8-FD12D6197D7C}.Release|Any CPU.ActiveCfg = Release|Any CPU
		{B56AB8CE-C885-4295-A1B8-FD12D6197D7C}.Release|Any CPU.Build.0 = Release|Any CPU
	EndGlobalSection
	GlobalSection(SolutionProperties) = preSolution
		HideSolutionNode = FALSE
	EndGlobalSection
	GlobalSection(ExtensibilityGlobals) = postSolution
		SolutionGuid = {1A7DBE7A-45A1-4062-8194-16E1C4E20E25}
	EndGlobalSection
EndGlobal
